
Microsoft Visual Studio Solution File, Format Version 12.00
# Visual Studio 15
VisualStudioVersion = 15.0.27703.2047
MinimumVisualStudioVersion = 10.0.40219.1
Project("{9A19103F-16F7-4668-BE54-9A1E7A4F7556}") = "TestFullStack.WebApi", "TestFullStack.WebApi\TestFullStack.WebApi.csproj", "{D8CA9D0D-2EEB-4644-8060-E529794AD065}"
EndProject
Project("{9A19103F-16F7-4668-BE54-9A1E7A4F7556}") = "TestFullStack.Domain", "TestFullStack.Domain\TestFullStack.Domain.csproj", "{04C5C2C2-62C3-4C38-B8B3-115C30C21BA7}"
EndProject
Project("{FAE04EC0-301F-11D3-BF4B-00C04F79EFBC}") = "TestFullStack.Test", "TestFullStack.Test\TestFullStack.Test.csproj", "{478C1A40-A3B7-4191-A2C6-18B4B18E2504}"
EndProject
Global
	GlobalSection(SolutionConfigurationPlatforms) = preSolution
		Debug|Any CPU = Debug|Any CPU
		Release|Any CPU = Release|Any CPU
	EndGlobalSection
	GlobalSection(ProjectConfigurationPlatforms) = postSolution
		{D8CA9D0D-2EEB-4644-8060-E529794AD065}.Debug|Any CPU.ActiveCfg = Debug|Any CPU
		{D8CA9D0D-2EEB-4644-8060-E529794AD065}.Debug|Any CPU.Build.0 = Debug|Any CPU
		{D8CA9D0D-2EEB-4644-8060-E529794AD065}.Release|Any CPU.ActiveCfg = Release|Any CPU
		{D8CA9D0D-2EEB-4644-8060-E529794AD065}.Release|Any CPU.Build.0 = Release|Any CPU
		{04C5C2C2-62C3-4C38-B8B3-115C30C21BA7}.Debug|Any CPU.ActiveCfg = Debug|Any CPU
		{04C5C2C2-62C3-4C38-B8B3-115C30C21BA7}.Debug|Any CPU.Build.0 = Debug|Any CPU
		{04C5C2C2-62C3-4C38-B8B3-115C30C21BA7}.Release|Any CPU.ActiveCfg = Release|Any CPU
		{04C5C2C2-62C3-4C38-B8B3-115C30C21BA7}.Release|Any CPU.Build.0 = Release|Any CPU
		{478C1A40-A3B7-4191-A2C6-18B4B18E2504}.Debug|Any CPU.ActiveCfg = Debug|Any CPU
		{478C1A40-A3B7-4191-A2C6-18B4B18E2504}.Debug|Any CPU.Build.0 = Debug|Any CPU
		{478C1A40-A3B7-4191-A2C6-18B4B18E2504}.Release|Any CPU.ActiveCfg = Release|Any CPU
		{478C1A40-A3B7-4191-A2C6-18B4B18E2504}.Release|Any CPU.Build.0 = Release|Any CPU
	EndGlobalSection
	GlobalSection(SolutionProperties) = preSolution
		HideSolutionNode = FALSE
	EndGlobalSection
	GlobalSection(ExtensibilityGlobals) = postSolution
		SolutionGuid = {C257DA70-E19C-4C47-8EA1-6EAC035AFE07}
	EndGlobalSection
EndGlobal
